
Microsoft Visual Studio Solution File, Format Version 12.00
# Visual Studio Version 17
VisualStudioVersion = 17.12.35707.178
MinimumVisualStudioVersion = 10.0.40219.1
Project("{2150E333-8FDC-42A3-9474-1A3956D46DE8}") = "src", "src", "{B588887F-019B-4370-A489-8FA0E3FABA38}"
EndProject
Project("{2150E333-8FDC-42A3-9474-1A3956D46DE8}") = "tests", "tests", "{8E1559D2-821B-4F28-B982-49BF8A6FFB7C}"
EndProject
Project("{FAE04EC0-301F-11D3-BF4B-00C04F79EFBC}") = "Sb.SimpleLoops", "src\Sb.SimpleLoops\Sb.SimpleLoops.csproj", "{DD2540D0-7008-4F4C-8EDE-32948D9EA0E7}"
EndProject
Project("{FAE04EC0-301F-11D3-BF4B-00C04F79EFBC}") = "Sb.SimpleLoops.Tests.Unit", "tests\Sb.SimpleLoops.Tests.Unit\Sb.SimpleLoops.Tests.Unit.csproj", "{B9A0FD60-66B3-4B85-A3B2-E0A9AF444696}"
EndProject
Project("{FAE04EC0-301F-11D3-BF4B-00C04F79EFBC}") = "Sb.SimpleLoops.Tests.End2End", "tests\Sb.SimpleLoops.Tests.End2End\Sb.SimpleLoops.Tests.End2End.csproj", "{39DE515A-9EAB-44A4-BE01-9EE848F1AD04}"
EndProject
Global
	GlobalSection(SolutionConfigurationPlatforms) = preSolution
		Debug|Any CPU = Debug|Any CPU
		Release|Any CPU = Release|Any CPU
	EndGlobalSection
	GlobalSection(ProjectConfigurationPlatforms) = postSolution
		{DD2540D0-7008-4F4C-8EDE-32948D9EA0E7}.Debug|Any CPU.ActiveCfg = Debug|Any CPU
		{DD2540D0-7008-4F4C-8EDE-32948D9EA0E7}.Debug|Any CPU.Build.0 = Debug|Any CPU
		{DD2540D0-7008-4F4C-8EDE-32948D9EA0E7}.Release|Any CPU.ActiveCfg = Release|Any CPU
		{DD2540D0-7008-4F4C-8EDE-32948D9EA0E7}.Release|Any CPU.Build.0 = Release|Any CPU
		{B9A0FD60-66B3-4B85-A3B2-E0A9AF444696}.Debug|Any CPU.ActiveCfg = Debug|Any CPU
		{B9A0FD60-66B3-4B85-A3B2-E0A9AF444696}.Debug|Any CPU.Build.0 = Debug|Any CPU
		{B9A0FD60-66B3-4B85-A3B2-E0A9AF444696}.Release|Any CPU.ActiveCfg = Release|Any CPU
		{B9A0FD60-66B3-4B85-A3B2-E0A9AF444696}.Release|Any CPU.Build.0 = Release|Any CPU
		{39DE515A-9EAB-44A4-BE01-9EE848F1AD04}.Debug|Any CPU.ActiveCfg = Debug|Any CPU
		{39DE515A-9EAB-44A4-BE01-9EE848F1AD04}.Debug|Any CPU.Build.0 = Debug|Any CPU
		{39DE515A-9EAB-44A4-BE01-9EE848F1AD04}.Release|Any CPU.ActiveCfg = Release|Any CPU
		{39DE515A-9EAB-44A4-BE01-9EE848F1AD04}.Release|Any CPU.Build.0 = Release|Any CPU
	EndGlobalSection
	GlobalSection(SolutionProperties) = preSolution
		HideSolutionNode = FALSE
	EndGlobalSection
	GlobalSection(NestedProjects) = preSolution
		{DD2540D0-7008-4F4C-8EDE-32948D9EA0E7} = {B588887F-019B-4370-A489-8FA0E3FABA38}
		{B9A0FD60-66B3-4B85-A3B2-E0A9AF444696} = {8E1559D2-821B-4F28-B982-49BF8A6FFB7C}
		{39DE515A-9EAB-44A4-BE01-9EE848F1AD04} = {8E1559D2-821B-4F28-B982-49BF8A6FFB7C}
	EndGlobalSection
EndGlobal
